
Microsoft Visual Studio Solution File, Format Version 12.00
# Visual Studio Version 17
VisualStudioVersion = 17.7.34202.233
MinimumVisualStudioVersion = 10.0.40219.1
Project("{FAE04EC0-301F-11D3-BF4B-00C04F79EFBC}") = "projOb", "projOb\projOb.csproj", "{C0F95F03-E216-43E6-A9FF-9F87028A45E3}"
EndProject
Global
	GlobalSection(SolutionConfigurationPlatforms) = preSolution
		Debug|Any CPU = Debug|Any CPU
		Release|Any CPU = Release|Any CPU
	EndGlobalSection
	GlobalSection(ProjectConfigurationPlatforms) = postSolution
		{C0F95F03-E216-43E6-A9FF-9F87028A45E3}.Debug|Any CPU.ActiveCfg = Debug|Any CPU
		{C0F95F03-E216-43E6-A9FF-9F87028A45E3}.Debug|Any CPU.Build.0 = Debug|Any CPU
		{C0F95F03-E216-43E6-A9FF-9F87028A45E3}.Release|Any CPU.ActiveCfg = Release|Any CPU
		{C0F95F03-E216-43E6-A9FF-9F87028A45E3}.Release|Any CPU.Build.0 = Release|Any CPU
	EndGlobalSection
	GlobalSection(SolutionProperties) = preSolution
		HideSolutionNode = FALSE
	EndGlobalSection
	GlobalSection(ExtensibilityGlobals) = postSolution
		SolutionGuid = {29EF7FBA-44EA-467C-BBCD-4666E2DF2C8C}
	EndGlobalSection
EndGlobal
